
Microsoft Visual Studio Solution File, Format Version 12.00
# Visual Studio Version 16
VisualStudioVersion = 16.0.30907.101
MinimumVisualStudioVersion = 10.0.40219.1
Project("{FAE04EC0-301F-11D3-BF4B-00C04F79EFBC}") = "GameSaleDemo", "GameSaleDemo\GameSaleDemo.csproj", "{A3DC5B6E-5052-48D6-BBD1-0856300A7A50}"
EndProject
Global
	GlobalSection(SolutionConfigurationPlatforms) = preSolution
		Debug|Any CPU = Debug|Any CPU
		Release|Any CPU = Release|Any CPU
	EndGlobalSection
	GlobalSection(ProjectConfigurationPlatforms) = postSolution
		{A3DC5B6E-5052-48D6-BBD1-0856300A7A50}.Debug|Any CPU.ActiveCfg = Debug|Any CPU
		{A3DC5B6E-5052-48D6-BBD1-0856300A7A50}.Debug|Any CPU.Build.0 = Debug|Any CPU
		{A3DC5B6E-5052-48D6-BBD1-0856300A7A50}.Release|Any CPU.ActiveCfg = Release|Any CPU
		{A3DC5B6E-5052-48D6-BBD1-0856300A7A50}.Release|Any CPU.Build.0 = Release|Any CPU
	EndGlobalSection
	GlobalSection(SolutionProperties) = preSolution
		HideSolutionNode = FALSE
	EndGlobalSection
	GlobalSection(ExtensibilityGlobals) = postSolution
		SolutionGuid = {BB9C40B7-60B8-4198-B6C6-9E37DAA60972}
	EndGlobalSection
EndGlobal
